
Microsoft Visual Studio Solution File, Format Version 12.00
# Visual Studio Version 17
VisualStudioVersion = 17.13.35828.75 d17.13
MinimumVisualStudioVersion = 10.0.40219.1
Project("{FAE04EC0-301F-11D3-BF4B-00C04F79EFBC}") = "Prep", "Prep\Prep.csproj", "{4BA3A57B-FAEA-4E0E-AE54-EBF4971D9C77}"
EndProject
Global
	GlobalSection(SolutionConfigurationPlatforms) = preSolution
		Debug|Any CPU = Debug|Any CPU
		Release|Any CPU = Release|Any CPU
	EndGlobalSection
	GlobalSection(ProjectConfigurationPlatforms) = postSolution
		{4BA3A57B-FAEA-4E0E-AE54-EBF4971D9C77}.Debug|Any CPU.ActiveCfg = Debug|Any CPU
		{4BA3A57B-FAEA-4E0E-AE54-EBF4971D9C77}.Debug|Any CPU.Build.0 = Debug|Any CPU
		{4BA3A57B-FAEA-4E0E-AE54-EBF4971D9C77}.Release|Any CPU.ActiveCfg = Release|Any CPU
		{4BA3A57B-FAEA-4E0E-AE54-EBF4971D9C77}.Release|Any CPU.Build.0 = Release|Any CPU
	EndGlobalSection
	GlobalSection(SolutionProperties) = preSolution
		HideSolutionNode = FALSE
	EndGlobalSection
	GlobalSection(ExtensibilityGlobals) = postSolution
		SolutionGuid = {76233C28-18BE-43AF-82D9-F3D2470E9305}
	EndGlobalSection
EndGlobal
